
Microsoft Visual Studio Solution File, Format Version 12.00
# Visual Studio 2012
# Ranorex Studio 9.5.0
VisualStudioVersion = 12.0.20827.3
MinimumVisualStudioVersion = 10.0.40219.1
Project("{2150E333-8FDC-42A3-9474-1A3956D46DE8}") = "Solution Items", "Solution Items", "{3EB4C213-56FC-4CF3-9E39-866B2A0A6239}"
	ProjectSection(SolutionItems) = postProject
		Ranorex = .\Ranorex.rxsettings
	EndProjectSection
EndProject
Project("{FAE04EC0-301F-11D3-BF4B-00C04F79EFBC}") = "MyCRM", "MyCRM\MyCRM.csproj", "{4AC0B0EF-16D7-4171-B451-9D3B87970E1F}"
EndProject
Global
	GlobalSection(SolutionConfigurationPlatforms) = preSolution
		Debug|x86 = Debug|x86
		Release|x86 = Release|x86
	EndGlobalSection
	GlobalSection(ProjectConfigurationPlatforms) = postSolution
		{4AC0B0EF-16D7-4171-B451-9D3B87970E1F}.Debug|x86.Build.0 = Debug|x86
		{4AC0B0EF-16D7-4171-B451-9D3B87970E1F}.Debug|x86.ActiveCfg = Debug|x86
		{4AC0B0EF-16D7-4171-B451-9D3B87970E1F}.Release|x86.Build.0 = Release|x86
		{4AC0B0EF-16D7-4171-B451-9D3B87970E1F}.Release|x86.ActiveCfg = Release|x86
	EndGlobalSection
EndGlobal
